
Microsoft Visual Studio Solution File, Format Version 12.00
# Visual Studio 2012
Project("{D954291E-2A0B-460D-934E-DC6B0785DB48}") = "testcamapp", "testcamapp\testcamapp.shproj", "{69E39EC8-F8AC-4B66-9DB2-79BEAD5F54E0}"
EndProject
Project("{FAE04EC0-301F-11D3-BF4B-00C04F79EFBC}") = "testcamapp.iOS", "iOS\testcamapp.iOS.csproj", "{0D2AF62A-FEE2-4433-B29A-EB56B8107A07}"
EndProject
Project("{FAE04EC0-301F-11D3-BF4B-00C04F79EFBC}") = "testcamapp.Droid", "Droid\testcamapp.Droid.csproj", "{D4A5D2BD-7A06-415D-9C92-7BFC48E9F159}"
EndProject
Global
	GlobalSection(SolutionConfigurationPlatforms) = preSolution
		Debug|iPhoneSimulator = Debug|iPhoneSimulator
		Release|iPhone = Release|iPhone
		Release|iPhoneSimulator = Release|iPhoneSimulator
		Debug|iPhone = Debug|iPhone
		Debug|Any CPU = Debug|Any CPU
		Release|Any CPU = Release|Any CPU
	EndGlobalSection
	GlobalSection(ProjectConfigurationPlatforms) = postSolution
		{0D2AF62A-FEE2-4433-B29A-EB56B8107A07}.Debug|iPhoneSimulator.ActiveCfg = Debug|iPhoneSimulator
		{0D2AF62A-FEE2-4433-B29A-EB56B8107A07}.Debug|iPhoneSimulator.Build.0 = Debug|iPhoneSimulator
		{0D2AF62A-FEE2-4433-B29A-EB56B8107A07}.Release|iPhone.ActiveCfg = Release|iPhone
		{0D2AF62A-FEE2-4433-B29A-EB56B8107A07}.Release|iPhone.Build.0 = Release|iPhone
		{0D2AF62A-FEE2-4433-B29A-EB56B8107A07}.Release|iPhoneSimulator.ActiveCfg = Release|iPhoneSimulator
		{0D2AF62A-FEE2-4433-B29A-EB56B8107A07}.Release|iPhoneSimulator.Build.0 = Release|iPhoneSimulator
		{0D2AF62A-FEE2-4433-B29A-EB56B8107A07}.Debug|iPhone.ActiveCfg = Debug|iPhone
		{0D2AF62A-FEE2-4433-B29A-EB56B8107A07}.Debug|iPhone.Build.0 = Debug|iPhone
		{0D2AF62A-FEE2-4433-B29A-EB56B8107A07}.Debug|Any CPU.ActiveCfg = Debug|iPhoneSimulator
		{0D2AF62A-FEE2-4433-B29A-EB56B8107A07}.Debug|Any CPU.Build.0 = Debug|iPhoneSimulator
		{0D2AF62A-FEE2-4433-B29A-EB56B8107A07}.Release|Any CPU.ActiveCfg = Release|iPhone
		{0D2AF62A-FEE2-4433-B29A-EB56B8107A07}.Release|Any CPU.Build.0 = Release|iPhone
		{D4A5D2BD-7A06-415D-9C92-7BFC48E9F159}.Debug|iPhoneSimulator.ActiveCfg = Debug|Any CPU
		{D4A5D2BD-7A06-415D-9C92-7BFC48E9F159}.Debug|iPhoneSimulator.Build.0 = Debug|Any CPU
		{D4A5D2BD-7A06-415D-9C92-7BFC48E9F159}.Release|iPhone.ActiveCfg = Release|Any CPU
		{D4A5D2BD-7A06-415D-9C92-7BFC48E9F159}.Release|iPhone.Build.0 = Release|Any CPU
		{D4A5D2BD-7A06-415D-9C92-7BFC48E9F159}.Release|iPhoneSimulator.ActiveCfg = Release|Any CPU
		{D4A5D2BD-7A06-415D-9C92-7BFC48E9F159}.Release|iPhoneSimulator.Build.0 = Release|Any CPU
		{D4A5D2BD-7A06-415D-9C92-7BFC48E9F159}.Debug|iPhone.ActiveCfg = Debug|Any CPU
		{D4A5D2BD-7A06-415D-9C92-7BFC48E9F159}.Debug|iPhone.Build.0 = Debug|Any CPU
		{D4A5D2BD-7A06-415D-9C92-7BFC48E9F159}.Debug|Any CPU.ActiveCfg = Debug|Any CPU
		{D4A5D2BD-7A06-415D-9C92-7BFC48E9F159}.Debug|Any CPU.Build.0 = Debug|Any CPU
		{D4A5D2BD-7A06-415D-9C92-7BFC48E9F159}.Release|Any CPU.ActiveCfg = Release|Any CPU
		{D4A5D2BD-7A06-415D-9C92-7BFC48E9F159}.Release|Any CPU.Build.0 = Release|Any CPU
	EndGlobalSection
EndGlobal
